
Microsoft Visual Studio Solution File, Format Version 12.00
Project("{FAE04EC0-301F-11D3-BF4B-00C04F79EFBC}") = "LearningCenter.API", "LearningCenter.API\LearningCenter.API.csproj", "{705CBCEF-EC35-43AE-B45A-274AF333E336}"
EndProject
Global
	GlobalSection(SolutionConfigurationPlatforms) = preSolution
		Debug|Any CPU = Debug|Any CPU
		Release|Any CPU = Release|Any CPU
	EndGlobalSection
	GlobalSection(ProjectConfigurationPlatforms) = postSolution
		{705CBCEF-EC35-43AE-B45A-274AF333E336}.Debug|Any CPU.ActiveCfg = Debug|Any CPU
		{705CBCEF-EC35-43AE-B45A-274AF333E336}.Debug|Any CPU.Build.0 = Debug|Any CPU
		{705CBCEF-EC35-43AE-B45A-274AF333E336}.Release|Any CPU.ActiveCfg = Release|Any CPU
		{705CBCEF-EC35-43AE-B45A-274AF333E336}.Release|Any CPU.Build.0 = Release|Any CPU
	EndGlobalSection
EndGlobal
